
Microsoft Visual Studio Solution File, Format Version 12.00
# Visual Studio Version 17
VisualStudioVersion = 17.11.35312.102
MinimumVisualStudioVersion = 10.0.40219.1
Project("{FAE04EC0-301F-11D3-BF4B-00C04F79EFBC}") = "Degiskenler", "Degiskenler.csproj", "{C490407D-2E49-41D9-BBD9-924FE48E3A7A}"
EndProject
Global
	GlobalSection(SolutionConfigurationPlatforms) = preSolution
		Debug|Any CPU = Debug|Any CPU
		Release|Any CPU = Release|Any CPU
	EndGlobalSection
	GlobalSection(ProjectConfigurationPlatforms) = postSolution
		{C490407D-2E49-41D9-BBD9-924FE48E3A7A}.Debug|Any CPU.ActiveCfg = Debug|Any CPU
		{C490407D-2E49-41D9-BBD9-924FE48E3A7A}.Debug|Any CPU.Build.0 = Debug|Any CPU
		{C490407D-2E49-41D9-BBD9-924FE48E3A7A}.Release|Any CPU.ActiveCfg = Release|Any CPU
		{C490407D-2E49-41D9-BBD9-924FE48E3A7A}.Release|Any CPU.Build.0 = Release|Any CPU
	EndGlobalSection
	GlobalSection(SolutionProperties) = preSolution
		HideSolutionNode = FALSE
	EndGlobalSection
	GlobalSection(ExtensibilityGlobals) = postSolution
		SolutionGuid = {3B3CA35A-ED47-46C3-9802-7C21F0D838D7}
	EndGlobalSection
EndGlobal
